
Microsoft Visual Studio Solution File, Format Version 12.00
# Visual Studio Version 17
VisualStudioVersion = 17.4.33110.190
MinimumVisualStudioVersion = 10.0.40219.1
Project("{9A19103F-16F7-4668-BE54-9A1E7A4F7556}") = "Shared.Tests", "Tests\Shared.Tests.csproj", "{327EFD80-F5E6-4347-8BBA-43703756B36F}"
EndProject
Project("{9A19103F-16F7-4668-BE54-9A1E7A4F7556}") = "Infrastructure.FM", "Infrastructure.FM\Infrastructure.FM.csproj", "{44636E93-4D5D-4E38-842A-BB381F05B65A}"
EndProject
Project("{FAE04EC0-301F-11D3-BF4B-00C04F79EFBC}") = "ContainersGateway", "ContainersGateway\ContainersGateway.csproj", "{7B93B2F2-F65F-40DF-8B7D-A7A7B6F107AE}"
EndProject
Project("{FAE04EC0-301F-11D3-BF4B-00C04F79EFBC}") = "ContainersGateway.Tests", "ContainersGateway.Tests\ContainersGateway.Tests.csproj", "{53F72821-1165-4AB9-99A3-3A3C8FD3A584}"
EndProject
Project("{2150E333-8FDC-42A3-9474-1A3956D46DE8}") = "Tests", "Tests", "{37EB7124-40E4-49C9-A283-FC4013BA4ECD}"
EndProject
Project("{FAE04EC0-301F-11D3-BF4B-00C04F79EFBC}") = "Infrastructure.DB", "Infrastructure.DB\Infrastructure.DB.csproj", "{CA87893D-FB1C-4C0A-8FFF-90A5D04D23E5}"
EndProject
Project("{FAE04EC0-301F-11D3-BF4B-00C04F79EFBC}") = "DockerDbApi", "DockerDbApi\DockerDbApi.csproj", "{A6F06B85-40C8-4462-914D-5EEE1B3F9AC0}"
EndProject
Project("{2150E333-8FDC-42A3-9474-1A3956D46DE8}") = "Infrastructure", "Infrastructure", "{B0760A03-9327-489C-AB10-3096F8033C85}"
EndProject
Project("{2150E333-8FDC-42A3-9474-1A3956D46DE8}") = "Domain.Context", "Domain.Context", "{5D4D96B5-652A-4951-B351-1162C0FE05D1}"
EndProject
Project("{FAE04EC0-301F-11D3-BF4B-00C04F79EFBC}") = "Domain", "Domain\Domain.csproj", "{9F328D36-8232-4968-9C28-3F22441A5CD0}"
EndProject
Project("{FAE04EC0-301F-11D3-BF4B-00C04F79EFBC}") = "Domain.Context.Tests", "Domain.Context.Tests\Domain.Context.Tests.csproj", "{03D75B59-64B8-448E-8BB2-575E2AB5EA80}"
EndProject
Project("{FAE04EC0-301F-11D3-BF4B-00C04F79EFBC}") = "Infrastructure.Kafka", "Infrastructure.Kafka\Infrastructure.Kafka.csproj", "{34320A66-FD61-44A3-A11D-B880A4CDA96D}"
EndProject
Project("{FAE04EC0-301F-11D3-BF4B-00C04F79EFBC}") = "Infrastructure.Kafka.Tests", "Infrastructure.Kafka.Tests\Infrastructure.Kafka.Tests.csproj", "{EE8E3EA3-3D25-46F6-A834-F597DACEDB0F}"
EndProject
Global
	GlobalSection(SolutionConfigurationPlatforms) = preSolution
		Debug|Any CPU = Debug|Any CPU
		Release|Any CPU = Release|Any CPU
	EndGlobalSection
	GlobalSection(ProjectConfigurationPlatforms) = postSolution
		{327EFD80-F5E6-4347-8BBA-43703756B36F}.Debug|Any CPU.ActiveCfg = Debug|Any CPU
		{327EFD80-F5E6-4347-8BBA-43703756B36F}.Debug|Any CPU.Build.0 = Debug|Any CPU
		{327EFD80-F5E6-4347-8BBA-43703756B36F}.Release|Any CPU.ActiveCfg = Release|Any CPU
		{327EFD80-F5E6-4347-8BBA-43703756B36F}.Release|Any CPU.Build.0 = Release|Any CPU
		{44636E93-4D5D-4E38-842A-BB381F05B65A}.Debug|Any CPU.ActiveCfg = Debug|Any CPU
		{44636E93-4D5D-4E38-842A-BB381F05B65A}.Debug|Any CPU.Build.0 = Debug|Any CPU
		{44636E93-4D5D-4E38-842A-BB381F05B65A}.Release|Any CPU.ActiveCfg = Release|Any CPU
		{44636E93-4D5D-4E38-842A-BB381F05B65A}.Release|Any CPU.Build.0 = Release|Any CPU
		{7B93B2F2-F65F-40DF-8B7D-A7A7B6F107AE}.Debug|Any CPU.ActiveCfg = Debug|Any CPU
		{7B93B2F2-F65F-40DF-8B7D-A7A7B6F107AE}.Debug|Any CPU.Build.0 = Debug|Any CPU
		{7B93B2F2-F65F-40DF-8B7D-A7A7B6F107AE}.Release|Any CPU.ActiveCfg = Release|Any CPU
		{7B93B2F2-F65F-40DF-8B7D-A7A7B6F107AE}.Release|Any CPU.Build.0 = Release|Any CPU
		{53F72821-1165-4AB9-99A3-3A3C8FD3A584}.Debug|Any CPU.ActiveCfg = Debug|Any CPU
		{53F72821-1165-4AB9-99A3-3A3C8FD3A584}.Debug|Any CPU.Build.0 = Debug|Any CPU
		{53F72821-1165-4AB9-99A3-3A3C8FD3A584}.Release|Any CPU.ActiveCfg = Release|Any CPU
		{53F72821-1165-4AB9-99A3-3A3C8FD3A584}.Release|Any CPU.Build.0 = Release|Any CPU
		{CA87893D-FB1C-4C0A-8FFF-90A5D04D23E5}.Debug|Any CPU.ActiveCfg = Debug|Any CPU
		{CA87893D-FB1C-4C0A-8FFF-90A5D04D23E5}.Debug|Any CPU.Build.0 = Debug|Any CPU
		{CA87893D-FB1C-4C0A-8FFF-90A5D04D23E5}.Release|Any CPU.ActiveCfg = Release|Any CPU
		{CA87893D-FB1C-4C0A-8FFF-90A5D04D23E5}.Release|Any CPU.Build.0 = Release|Any CPU
		{A6F06B85-40C8-4462-914D-5EEE1B3F9AC0}.Debug|Any CPU.ActiveCfg = Debug|Any CPU
		{A6F06B85-40C8-4462-914D-5EEE1B3F9AC0}.Debug|Any CPU.Build.0 = Debug|Any CPU
		{A6F06B85-40C8-4462-914D-5EEE1B3F9AC0}.Release|Any CPU.ActiveCfg = Release|Any CPU
		{A6F06B85-40C8-4462-914D-5EEE1B3F9AC0}.Release|Any CPU.Build.0 = Release|Any CPU
		{9F328D36-8232-4968-9C28-3F22441A5CD0}.Debug|Any CPU.ActiveCfg = Debug|Any CPU
		{9F328D36-8232-4968-9C28-3F22441A5CD0}.Debug|Any CPU.Build.0 = Debug|Any CPU
		{9F328D36-8232-4968-9C28-3F22441A5CD0}.Release|Any CPU.ActiveCfg = Release|Any CPU
		{9F328D36-8232-4968-9C28-3F22441A5CD0}.Release|Any CPU.Build.0 = Release|Any CPU
		{03D75B59-64B8-448E-8BB2-575E2AB5EA80}.Debug|Any CPU.ActiveCfg = Debug|Any CPU
		{03D75B59-64B8-448E-8BB2-575E2AB5EA80}.Debug|Any CPU.Build.0 = Debug|Any CPU
		{03D75B59-64B8-448E-8BB2-575E2AB5EA80}.Release|Any CPU.ActiveCfg = Release|Any CPU
		{03D75B59-64B8-448E-8BB2-575E2AB5EA80}.Release|Any CPU.Build.0 = Release|Any CPU
		{34320A66-FD61-44A3-A11D-B880A4CDA96D}.Debug|Any CPU.ActiveCfg = Debug|Any CPU
		{34320A66-FD61-44A3-A11D-B880A4CDA96D}.Debug|Any CPU.Build.0 = Debug|Any CPU
		{34320A66-FD61-44A3-A11D-B880A4CDA96D}.Release|Any CPU.ActiveCfg = Release|Any CPU
		{34320A66-FD61-44A3-A11D-B880A4CDA96D}.Release|Any CPU.Build.0 = Release|Any CPU
		{EE8E3EA3-3D25-46F6-A834-F597DACEDB0F}.Debug|Any CPU.ActiveCfg = Debug|Any CPU
		{EE8E3EA3-3D25-46F6-A834-F597DACEDB0F}.Debug|Any CPU.Build.0 = Debug|Any CPU
		{EE8E3EA3-3D25-46F6-A834-F597DACEDB0F}.Release|Any CPU.ActiveCfg = Release|Any CPU
		{EE8E3EA3-3D25-46F6-A834-F597DACEDB0F}.Release|Any CPU.Build.0 = Release|Any CPU
	EndGlobalSection
	GlobalSection(SolutionProperties) = preSolution
		HideSolutionNode = FALSE
	EndGlobalSection
	GlobalSection(NestedProjects) = preSolution
		{327EFD80-F5E6-4347-8BBA-43703756B36F} = {37EB7124-40E4-49C9-A283-FC4013BA4ECD}
		{44636E93-4D5D-4E38-842A-BB381F05B65A} = {B0760A03-9327-489C-AB10-3096F8033C85}
		{7B93B2F2-F65F-40DF-8B7D-A7A7B6F107AE} = {B0760A03-9327-489C-AB10-3096F8033C85}
		{53F72821-1165-4AB9-99A3-3A3C8FD3A584} = {37EB7124-40E4-49C9-A283-FC4013BA4ECD}
		{CA87893D-FB1C-4C0A-8FFF-90A5D04D23E5} = {B0760A03-9327-489C-AB10-3096F8033C85}
		{9F328D36-8232-4968-9C28-3F22441A5CD0} = {5D4D96B5-652A-4951-B351-1162C0FE05D1}
		{03D75B59-64B8-448E-8BB2-575E2AB5EA80} = {37EB7124-40E4-49C9-A283-FC4013BA4ECD}
		{34320A66-FD61-44A3-A11D-B880A4CDA96D} = {B0760A03-9327-489C-AB10-3096F8033C85}
		{EE8E3EA3-3D25-46F6-A834-F597DACEDB0F} = {37EB7124-40E4-49C9-A283-FC4013BA4ECD}
	EndGlobalSection
	GlobalSection(ExtensibilityGlobals) = postSolution
		SolutionGuid = {0B05F165-53D1-4B5D-B59D-C79B748917EC}
	EndGlobalSection
EndGlobal
